<?xml version="1.0" encoding="utf-8"?>
<Project ToolsVersion="4.0" xmlns="http://schemas.microsoft.com/developer/msbuild/2003">
  <ItemGroup>
    <Filter Include="Source Files">
      <UniqueIdentifier>{4FC737F1-C7A5-4376-A066-2A32D752A2FF}</UniqueIdentifier>
      <Extensions>cpp;c;cc;cxx;c++;cppm;ixx;def;odl;idl;hpj;bat;asm;asmx</Extensions>
    </Filter>
    <Filter Include="Header Files">
      <UniqueIdentifier>{93995380-89BD-4b04-88EB-625FBE52EBFB}</UniqueIdentifier>
      <Extensions>h;hh;hpp;hxx;h++;hm;inl;inc;ipp;xsd</Extensions>
    </Filter>
    <Filter Include="Resource Files">
      <UniqueIdentifier>{67DA6AB6-F800-4c08-8B7A-83BB121AAD01}</UniqueIdentifier>
      <Extensions>rc;ico;cur;bmp;dlg;rc2;rct;bin;rgs;gif;jpg;jpeg;jpe;resx;tiff;tif;png;wav;mfcribbon-ms</Extensions>
    </Filter>
  </ItemGroup>
  <ItemGroup>
    <ClCompile Include="ExaLang.cpp">
      <Filter>Source Files</Filter>
    </ClCompile>
    <ClCompile Include="antlr_generated/ExaLangBaseListener.h">
      <Filter>Header Files</Filter>
    </ClCompile>
    <ClCompile Include="antlr_generated/ExaLangBaseListener.cpp">
      <Filter>Source Files</Filter>
    </ClCompile>
    <ClCompile Include="antlr_generated/ExaLangBaseVisitor.h">
      <Filter>Header Files</Filter>
    </ClCompile>
    <ClCompile Include="antlr_generated/ExaLangBaseVisitor.cpp">
      <Filter>Source Files</Filter>
    </ClCompile>
    <ClCompile Include="antlr_generated/ExaLangLexer.h">
      <Filter>Header Files</Filter>
    </ClCompile>
    <ClCompile Include="antlr_generated/ExaLangLexer.cpp">
      <Filter>Source Files</Filter>
    </ClCompile>
    <ClCompile Include="antlr_generated/ExaLangListener.h">
      <Filter>Header Files</Filter>
    </ClCompile>
    <ClCompile Include="antlr_generated/ExaLangListener.cpp">
      <Filter>Source Files</Filter>
    </ClCompile>
    <ClCompile Include="antlr_generated/ExaLangParser.h">
      <Filter>Header Files</Filter>
    </ClCompile>
    <ClCompile Include="antlr_generated/ExaLangParser.cpp">
      <Filter>Source Files</Filter>
    </ClCompile>
    <ClCompile Include="antlr_generated/ExaLangVisitor.h">
      <Filter>Header Files</Filter>
    </ClCompile>
    <ClCompile Include="antlr_generated/ExaLangVisitor.cpp">
      <Filter>Source Files</Filter>
    </ClCompile>
    <ClCompile Include="CodeVisitor.cpp">
      <Filter>Source Files</Filter>
    </ClCompile>
    <ClCompile Include="StatementBlank.cpp">
      <Filter>Source Files</Filter>
    </ClCompile>
    <ClCompile Include="StatementUnary.cpp">
      <Filter>Source Files</Filter>
    </ClCompile>
    <ClCompile Include="StatementBinary.cpp">
      <Filter>Source Files</Filter>
    </ClCompile>
    <ClCompile Include="StatementTrinary.cpp">
      <Filter>Source Files</Filter>
    </ClCompile>
    <ClCompile Include="ValueRegister.cpp">
      <Filter>Source Files</Filter>
    </ClCompile>
    <ClCompile Include="ValueLiteral.cpp">
      <Filter>Source Files</Filter>
    </ClCompile>
    <ClCompile Include="ExaLangRuntime.cpp">
      <Filter>Source Files</Filter>
    </ClCompile>
    <ClCompile Include="ExaStack.cpp">
      <Filter>Source Files</Filter>
    </ClCompile>
  </ItemGroup>
  <ItemGroup>
    <ClInclude Include="CodeVisitor.h">
      <Filter>Header Files</Filter>
    </ClInclude>
    <ClInclude Include="StatementBase.h">
      <Filter>Header Files</Filter>
    </ClInclude>
    <ClInclude Include="StatementBlank.h">
      <Filter>Header Files</Filter>
    </ClInclude>
    <ClInclude Include="StatementUnary.h">
      <Filter>Header Files</Filter>
    </ClInclude>
    <ClInclude Include="StatementBinary.h">
      <Filter>Header Files</Filter>
    </ClInclude>
    <ClInclude Include="StatementTrinary.h">
      <Filter>Header Files</Filter>
    </ClInclude>
    <ClInclude Include="ValueBase.h">
      <Filter>Header Files</Filter>
    </ClInclude>
    <ClInclude Include="ValueRegister.h">
      <Filter>Header Files</Filter>
    </ClInclude>
    <ClInclude Include="ValueLiteral.h">
      <Filter>Header Files</Filter>
    </ClInclude>
    <ClInclude Include="ExaLangRuntime.h">
      <Filter>Header Files</Filter>
    </ClInclude>
    <ClInclude Include="ExaStack.h">
      <Filter>Header Files</Filter>
    </ClInclude>
  </ItemGroup>
</Project>