<?xml version="1.0" encoding="utf-8"?>
<Project ToolsVersion="4.0" xmlns="http://schemas.microsoft.com/developer/msbuild/2003">
  <ItemGroup>
    <Filter Include="Source Files">
      <UniqueIdentifier>{4FC737F1-C7A5-4376-A066-2A32D752A2FF}</UniqueIdentifier>
      <Extensions>cpp;c;cc;cxx;c++;cppm;ixx;def;odl;idl;hpj;bat;asm;asmx</Extensions>
    </Filter>
    <Filter Include="Header Files">
      <UniqueIdentifier>{93995380-89BD-4b04-88EB-625FBE52EBFB}</UniqueIdentifier>
      <Extensions>h;hh;hpp;hxx;h++;hm;inl;inc;ipp;xsd</Extensions>
    </Filter>
    <Filter Include="Header Files\StatementTypes">
      <UniqueIdentifier>{8756a52b-9f7d-4b02-a3c2-83ce6cc35371}</UniqueIdentifier>
    </Filter>
    <Filter Include="Header Files\Antlr">
      <UniqueIdentifier>{84ed824e-b10c-44d0-8dde-4f666f487486}</UniqueIdentifier>
    </Filter>
    <Filter Include="Source Files\Antlr">
      <UniqueIdentifier>{d2462d74-3106-4c11-b2ca-cda360846561}</UniqueIdentifier>
    </Filter>
    <Filter Include="Source Files\StatementTypes">
      <UniqueIdentifier>{a71eb775-7c52-42d6-b340-fff74a4e4507}</UniqueIdentifier>
    </Filter>
  </ItemGroup>
  <ItemGroup>
    <ClCompile Include="ExaLang.cpp">
      <Filter>Source Files</Filter>
    </ClCompile>
    <ClCompile Include="ExaLangRuntime.cpp">
      <Filter>Source Files</Filter>
    </ClCompile>
    <ClCompile Include="ExaStack.cpp">
      <Filter>Source Files</Filter>
    </ClCompile>
    <ClCompile Include="antlr_generated/ExaLangBaseListener.h">
      <Filter>Header Files\Antlr</Filter>
    </ClCompile>
    <ClCompile Include="antlr_generated/ExaLangBaseVisitor.h">
      <Filter>Header Files\Antlr</Filter>
    </ClCompile>
    <ClCompile Include="antlr_generated/ExaLangLexer.h">
      <Filter>Header Files\Antlr</Filter>
    </ClCompile>
    <ClCompile Include="antlr_generated/ExaLangListener.h">
      <Filter>Header Files\Antlr</Filter>
    </ClCompile>
    <ClCompile Include="antlr_generated/ExaLangParser.h">
      <Filter>Header Files\Antlr</Filter>
    </ClCompile>
    <ClCompile Include="antlr_generated/ExaLangVisitor.h">
      <Filter>Header Files\Antlr</Filter>
    </ClCompile>
    <ClCompile Include="antlr_generated/ExaLangBaseListener.cpp">
      <Filter>Source Files\Antlr</Filter>
    </ClCompile>
    <ClCompile Include="antlr_generated/ExaLangBaseVisitor.cpp">
      <Filter>Source Files\Antlr</Filter>
    </ClCompile>
    <ClCompile Include="antlr_generated/ExaLangLexer.cpp">
      <Filter>Source Files\Antlr</Filter>
    </ClCompile>
    <ClCompile Include="antlr_generated/ExaLangListener.cpp">
      <Filter>Source Files\Antlr</Filter>
    </ClCompile>
    <ClCompile Include="antlr_generated/ExaLangParser.cpp">
      <Filter>Source Files\Antlr</Filter>
    </ClCompile>
    <ClCompile Include="antlr_generated/ExaLangVisitor.cpp">
      <Filter>Source Files\Antlr</Filter>
    </ClCompile>
    <ClCompile Include="StatementTestOp.cpp">
      <Filter>Source Files\StatementTypes</Filter>
    </ClCompile>
    <ClCompile Include="CodeVisitor.cpp">
      <Filter>Source Files\Antlr</Filter>
    </ClCompile>
  </ItemGroup>
  <ItemGroup>
    <ClInclude Include="Value.h">
      <Filter>Header Files</Filter>
    </ClInclude>
    <ClInclude Include="ExaLangRuntime.h">
      <Filter>Header Files</Filter>
    </ClInclude>
    <ClInclude Include="ExaStack.h">
      <Filter>Header Files</Filter>
    </ClInclude>
    <ClInclude Include="StatementBase.h">
      <Filter>Header Files\StatementTypes</Filter>
    </ClInclude>
    <ClInclude Include="StatementBinary.h">
      <Filter>Header Files\StatementTypes</Filter>
    </ClInclude>
    <ClInclude Include="StatementBlank.h">
      <Filter>Header Files\StatementTypes</Filter>
    </ClInclude>
    <ClInclude Include="StatementTestOp.h">
      <Filter>Header Files\StatementTypes</Filter>
    </ClInclude>
    <ClInclude Include="StatementTrinary.h">
      <Filter>Header Files\StatementTypes</Filter>
    </ClInclude>
    <ClInclude Include="StatementUnary.h">
      <Filter>Header Files\StatementTypes</Filter>
    </ClInclude>
    <ClInclude Include="CodeVisitor.h">
      <Filter>Header Files\Antlr</Filter>
    </ClInclude>
  </ItemGroup>
</Project>